
Microsoft Visual Studio Solution File, Format Version 12.00
# Visual Studio Version 17
VisualStudioVersion = 17.0.31903.59
MinimumVisualStudioVersion = 10.0.40219.1
Project("{FAE04EC0-301F-11D3-BF4B-00C04F79EFBC}") = "Mycelium.Forge", "Mycelium.Forge\Mycelium.Forge.csproj", "{CF32463D-666B-46AA-8BBF-0BFC6BD19091}"
EndProject
Project("{FAE04EC0-301F-11D3-BF4B-00C04F79EFBC}") = "Mycelium.Forge.Common", "Mycelium.Forge.Common\Mycelium.Forge.Common.csproj", "{DBB47456-305C-4C50-B912-0BD0B9CD5E6F}"
EndProject
Project("{FAE04EC0-301F-11D3-BF4B-00C04F79EFBC}") = "Mycelium.Forge.Client", "Mycelium.Forge.Client\Mycelium.Forge.Client.csproj", "{C1DD42A6-A2D4-4703-8536-664006044749}"
EndProject
Project("{FAE04EC0-301F-11D3-BF4B-00C04F79EFBC}") = "Mycelium.Forge.Tests", "Mycelium.Forge.Tests\Mycelium.Forge.Tests.csproj", "{5A28C16E-E0BD-4336-870F-61EE6CBD974C}"
EndProject
Project("{FAE04EC0-301F-11D3-BF4B-00C04F79EFBC}") = "Mycelium.Forge.Common.Tests", "Mycelium.Forge.Common.Tests\Mycelium.Forge.Common.Tests.csproj", "{7C443D73-9056-47C0-AFCB-28E0788BB412}"
EndProject
Project("{FAE04EC0-301F-11D3-BF4B-00C04F79EFBC}") = "Mycelium.Forge.Client.Tests", "Mycelium.Forge.Client.Tests\Mycelium.Forge.Client.Tests.csproj", "{5AC07267-1FAB-4F47-9CF4-6AC3A9020A88}"
EndProject
Project("{FAE04EC0-301F-11D3-BF4B-00C04F79EFBC}") = "Mycelium.Forge.EndToEndTests", "Mycelium.Forge.EndToEndTests\Mycelium.Forge.EndToEndTests.csproj", "{CC55674B-A5F8-4254-9211-7B4AFAF6D009}"
EndProject
Project("{FAE04EC0-301F-11D3-BF4B-00C04F79EFBC}") = "Mycelium.Forge.Generator", "Mycelium.Forge.Generator\Mycelium.Forge.Generator.csproj", "{0742A0A1-ACBD-4E0A-A747-ECD0600C0AAB}"
EndProject
Project("{FAE04EC0-301F-11D3-BF4B-00C04F79EFBC}") = "Mycelium.Forge.Generator.Tests", "Mycelium.Forge.Generator.Tests\Mycelium.Forge.Generator.Tests.csproj", "{5AC44007-A6E1-493A-B302-CEBCE2F23A25}"
EndProject
Project("{FAE04EC0-301F-11D3-BF4B-00C04F79EFBC}") = "Mycelium.Forge.Serializer.Json", "Mycelium.Forge.Serializer.Json\Mycelium.Forge.Serializer.Json.csproj", "{BE476BDB-5EB5-44F9-A0C1-484F188EABE5}"
EndProject
Project("{FAE04EC0-301F-11D3-BF4B-00C04F79EFBC}") = "Mycelium.Forge.Serializer.Json.Tests", "Mycelium.Forge.Serializer.Json.Tests\Mycelium.Forge.Serializer.Json.Tests.csproj", "{08A853BD-E551-4544-A226-EBC20918C344}"
EndProject
Project("{FAE04EC0-301F-11D3-BF4B-00C04F79EFBC}") = "Mycelium.Forge.Orm", "Mycelium.Forge.Orm\Mycelium.Forge.Orm.csproj", "{D94382C1-9B3C-4961-B3AE-C593277A38BB}"
EndProject
Project("{FAE04EC0-301F-11D3-BF4B-00C04F79EFBC}") = "Mycelium.Forge.Orm.Tests", "Mycelium.Forge.Orm.Tests\Mycelium.Forge.Orm.Tests.csproj", "{4ACA0161-1043-410A-9EB6-C43561436FCB}"
EndProject
Global
	GlobalSection(SolutionConfigurationPlatforms) = preSolution
		Debug|Any CPU = Debug|Any CPU
		Debug|x64 = Debug|x64
		Debug|x86 = Debug|x86
		Release|Any CPU = Release|Any CPU
		Release|x64 = Release|x64
		Release|x86 = Release|x86
	EndGlobalSection
	GlobalSection(ProjectConfigurationPlatforms) = postSolution
		{CF32463D-666B-46AA-8BBF-0BFC6BD19091}.Debug|Any CPU.ActiveCfg = Debug|Any CPU
		{CF32463D-666B-46AA-8BBF-0BFC6BD19091}.Debug|Any CPU.Build.0 = Debug|Any CPU
		{CF32463D-666B-46AA-8BBF-0BFC6BD19091}.Debug|x64.ActiveCfg = Debug|Any CPU
		{CF32463D-666B-46AA-8BBF-0BFC6BD19091}.Debug|x64.Build.0 = Debug|Any CPU
		{CF32463D-666B-46AA-8BBF-0BFC6BD19091}.Debug|x86.ActiveCfg = Debug|Any CPU
		{CF32463D-666B-46AA-8BBF-0BFC6BD19091}.Debug|x86.Build.0 = Debug|Any CPU
		{CF32463D-666B-46AA-8BBF-0BFC6BD19091}.Release|Any CPU.ActiveCfg = Release|Any CPU
		{CF32463D-666B-46AA-8BBF-0BFC6BD19091}.Release|Any CPU.Build.0 = Release|Any CPU
		{CF32463D-666B-46AA-8BBF-0BFC6BD19091}.Release|x64.ActiveCfg = Release|Any CPU
		{CF32463D-666B-46AA-8BBF-0BFC6BD19091}.Release|x64.Build.0 = Release|Any CPU
		{CF32463D-666B-46AA-8BBF-0BFC6BD19091}.Release|x86.ActiveCfg = Release|Any CPU
		{CF32463D-666B-46AA-8BBF-0BFC6BD19091}.Release|x86.Build.0 = Release|Any CPU
		{DBB47456-305C-4C50-B912-0BD0B9CD5E6F}.Debug|Any CPU.ActiveCfg = Debug|Any CPU
		{DBB47456-305C-4C50-B912-0BD0B9CD5E6F}.Debug|Any CPU.Build.0 = Debug|Any CPU
		{DBB47456-305C-4C50-B912-0BD0B9CD5E6F}.Debug|x64.ActiveCfg = Debug|Any CPU
		{DBB47456-305C-4C50-B912-0BD0B9CD5E6F}.Debug|x64.Build.0 = Debug|Any CPU
		{DBB47456-305C-4C50-B912-0BD0B9CD5E6F}.Debug|x86.ActiveCfg = Debug|Any CPU
		{DBB47456-305C-4C50-B912-0BD0B9CD5E6F}.Debug|x86.Build.0 = Debug|Any CPU
		{DBB47456-305C-4C50-B912-0BD0B9CD5E6F}.Release|Any CPU.ActiveCfg = Release|Any CPU
		{DBB47456-305C-4C50-B912-0BD0B9CD5E6F}.Release|Any CPU.Build.0 = Release|Any CPU
		{DBB47456-305C-4C50-B912-0BD0B9CD5E6F}.Release|x64.ActiveCfg = Release|Any CPU
		{DBB47456-305C-4C50-B912-0BD0B9CD5E6F}.Release|x64.Build.0 = Release|Any CPU
		{DBB47456-305C-4C50-B912-0BD0B9CD5E6F}.Release|x86.ActiveCfg = Release|Any CPU
		{DBB47456-305C-4C50-B912-0BD0B9CD5E6F}.Release|x86.Build.0 = Release|Any CPU
		{C1DD42A6-A2D4-4703-8536-664006044749}.Debug|Any CPU.ActiveCfg = Debug|Any CPU
		{C1DD42A6-A2D4-4703-8536-664006044749}.Debug|Any CPU.Build.0 = Debug|Any CPU
		{C1DD42A6-A2D4-4703-8536-664006044749}.Debug|x64.ActiveCfg = Debug|Any CPU
		{C1DD42A6-A2D4-4703-8536-664006044749}.Debug|x64.Build.0 = Debug|Any CPU
		{C1DD42A6-A2D4-4703-8536-664006044749}.Debug|x86.ActiveCfg = Debug|Any CPU
		{C1DD42A6-A2D4-4703-8536-664006044749}.Debug|x86.Build.0 = Debug|Any CPU
		{C1DD42A6-A2D4-4703-8536-664006044749}.Release|Any CPU.ActiveCfg = Release|Any CPU
		{C1DD42A6-A2D4-4703-8536-664006044749}.Release|Any CPU.Build.0 = Release|Any CPU
		{C1DD42A6-A2D4-4703-8536-664006044749}.Release|x64.ActiveCfg = Release|Any CPU
		{C1DD42A6-A2D4-4703-8536-664006044749}.Release|x64.Build.0 = Release|Any CPU
		{C1DD42A6-A2D4-4703-8536-664006044749}.Release|x86.ActiveCfg = Release|Any CPU
		{C1DD42A6-A2D4-4703-8536-664006044749}.Release|x86.Build.0 = Release|Any CPU
		{5A28C16E-E0BD-4336-870F-61EE6CBD974C}.Debug|Any CPU.ActiveCfg = Debug|Any CPU
		{5A28C16E-E0BD-4336-870F-61EE6CBD974C}.Debug|Any CPU.Build.0 = Debug|Any CPU
		{5A28C16E-E0BD-4336-870F-61EE6CBD974C}.Debug|x64.ActiveCfg = Debug|Any CPU
		{5A28C16E-E0BD-4336-870F-61EE6CBD974C}.Debug|x64.Build.0 = Debug|Any CPU
		{5A28C16E-E0BD-4336-870F-61EE6CBD974C}.Debug|x86.ActiveCfg = Debug|Any CPU
		{5A28C16E-E0BD-4336-870F-61EE6CBD974C}.Debug|x86.Build.0 = Debug|Any CPU
		{5A28C16E-E0BD-4336-870F-61EE6CBD974C}.Release|Any CPU.ActiveCfg = Release|Any CPU
		{5A28C16E-E0BD-4336-870F-61EE6CBD974C}.Release|Any CPU.Build.0 = Release|Any CPU
		{5A28C16E-E0BD-4336-870F-61EE6CBD974C}.Release|x64.ActiveCfg = Release|Any CPU
		{5A28C16E-E0BD-4336-870F-61EE6CBD974C}.Release|x64.Build.0 = Release|Any CPU
		{5A28C16E-E0BD-4336-870F-61EE6CBD974C}.Release|x86.ActiveCfg = Release|Any CPU
		{5A28C16E-E0BD-4336-870F-61EE6CBD974C}.Release|x86.Build.0 = Release|Any CPU
		{7C443D73-9056-47C0-AFCB-28E0788BB412}.Debug|Any CPU.ActiveCfg = Debug|Any CPU
		{7C443D73-9056-47C0-AFCB-28E0788BB412}.Debug|Any CPU.Build.0 = Debug|Any CPU
		{7C443D73-9056-47C0-AFCB-28E0788BB412}.Debug|x64.ActiveCfg = Debug|Any CPU
		{7C443D73-9056-47C0-AFCB-28E0788BB412}.Debug|x64.Build.0 = Debug|Any CPU
		{7C443D73-9056-47C0-AFCB-28E0788BB412}.Debug|x86.ActiveCfg = Debug|Any CPU
		{7C443D73-9056-47C0-AFCB-28E0788BB412}.Debug|x86.Build.0 = Debug|Any CPU
		{7C443D73-9056-47C0-AFCB-28E0788BB412}.Release|Any CPU.ActiveCfg = Release|Any CPU
		{7C443D73-9056-47C0-AFCB-28E0788BB412}.Release|Any CPU.Build.0 = Release|Any CPU
		{7C443D73-9056-47C0-AFCB-28E0788BB412}.Release|x64.ActiveCfg = Release|Any CPU
		{7C443D73-9056-47C0-AFCB-28E0788BB412}.Release|x64.Build.0 = Release|Any CPU
		{7C443D73-9056-47C0-AFCB-28E0788BB412}.Release|x86.ActiveCfg = Release|Any CPU
		{7C443D73-9056-47C0-AFCB-28E0788BB412}.Release|x86.Build.0 = Release|Any CPU
		{5AC07267-1FAB-4F47-9CF4-6AC3A9020A88}.Debug|Any CPU.ActiveCfg = Debug|Any CPU
		{5AC07267-1FAB-4F47-9CF4-6AC3A9020A88}.Debug|Any CPU.Build.0 = Debug|Any CPU
		{5AC07267-1FAB-4F47-9CF4-6AC3A9020A88}.Debug|x64.ActiveCfg = Debug|Any CPU
		{5AC07267-1FAB-4F47-9CF4-6AC3A9020A88}.Debug|x64.Build.0 = Debug|Any CPU
		{5AC07267-1FAB-4F47-9CF4-6AC3A9020A88}.Debug|x86.ActiveCfg = Debug|Any CPU
		{5AC07267-1FAB-4F47-9CF4-6AC3A9020A88}.Debug|x86.Build.0 = Debug|Any CPU
		{5AC07267-1FAB-4F47-9CF4-6AC3A9020A88}.Release|Any CPU.ActiveCfg = Release|Any CPU
		{5AC07267-1FAB-4F47-9CF4-6AC3A9020A88}.Release|Any CPU.Build.0 = Release|Any CPU
		{5AC07267-1FAB-4F47-9CF4-6AC3A9020A88}.Release|x64.ActiveCfg = Release|Any CPU
		{5AC07267-1FAB-4F47-9CF4-6AC3A9020A88}.Release|x64.Build.0 = Release|Any CPU
		{5AC07267-1FAB-4F47-9CF4-6AC3A9020A88}.Release|x86.ActiveCfg = Release|Any CPU
		{5AC07267-1FAB-4F47-9CF4-6AC3A9020A88}.Release|x86.Build.0 = Release|Any CPU
		{CC55674B-A5F8-4254-9211-7B4AFAF6D009}.Debug|Any CPU.ActiveCfg = Debug|Any CPU
		{CC55674B-A5F8-4254-9211-7B4AFAF6D009}.Debug|Any CPU.Build.0 = Debug|Any CPU
		{CC55674B-A5F8-4254-9211-7B4AFAF6D009}.Debug|x64.ActiveCfg = Debug|Any CPU
		{CC55674B-A5F8-4254-9211-7B4AFAF6D009}.Debug|x64.Build.0 = Debug|Any CPU
		{CC55674B-A5F8-4254-9211-7B4AFAF6D009}.Debug|x86.ActiveCfg = Debug|Any CPU
		{CC55674B-A5F8-4254-9211-7B4AFAF6D009}.Debug|x86.Build.0 = Debug|Any CPU
		{CC55674B-A5F8-4254-9211-7B4AFAF6D009}.Release|Any CPU.ActiveCfg = Release|Any CPU
		{CC55674B-A5F8-4254-9211-7B4AFAF6D009}.Release|Any CPU.Build.0 = Release|Any CPU
		{CC55674B-A5F8-4254-9211-7B4AFAF6D009}.Release|x64.ActiveCfg = Release|Any CPU
		{CC55674B-A5F8-4254-9211-7B4AFAF6D009}.Release|x64.Build.0 = Release|Any CPU
		{CC55674B-A5F8-4254-9211-7B4AFAF6D009}.Release|x86.ActiveCfg = Release|Any CPU
		{CC55674B-A5F8-4254-9211-7B4AFAF6D009}.Release|x86.Build.0 = Release|Any CPU
		{0742A0A1-ACBD-4E0A-A747-ECD0600C0AAB}.Debug|Any CPU.ActiveCfg = Debug|Any CPU
		{0742A0A1-ACBD-4E0A-A747-ECD0600C0AAB}.Debug|Any CPU.Build.0 = Debug|Any CPU
		{0742A0A1-ACBD-4E0A-A747-ECD0600C0AAB}.Debug|x64.ActiveCfg = Debug|Any CPU
		{0742A0A1-ACBD-4E0A-A747-ECD0600C0AAB}.Debug|x64.Build.0 = Debug|Any CPU
		{0742A0A1-ACBD-4E0A-A747-ECD0600C0AAB}.Debug|x86.ActiveCfg = Debug|Any CPU
		{0742A0A1-ACBD-4E0A-A747-ECD0600C0AAB}.Debug|x86.Build.0 = Debug|Any CPU
		{0742A0A1-ACBD-4E0A-A747-ECD0600C0AAB}.Release|Any CPU.ActiveCfg = Release|Any CPU
		{0742A0A1-ACBD-4E0A-A747-ECD0600C0AAB}.Release|Any CPU.Build.0 = Release|Any CPU
		{0742A0A1-ACBD-4E0A-A747-ECD0600C0AAB}.Release|x64.ActiveCfg = Release|Any CPU
		{0742A0A1-ACBD-4E0A-A747-ECD0600C0AAB}.Release|x64.Build.0 = Release|Any CPU
		{0742A0A1-ACBD-4E0A-A747-ECD0600C0AAB}.Release|x86.ActiveCfg = Release|Any CPU
		{0742A0A1-ACBD-4E0A-A747-ECD0600C0AAB}.Release|x86.Build.0 = Release|Any CPU
		{5AC44007-A6E1-493A-B302-CEBCE2F23A25}.Debug|Any CPU.ActiveCfg = Debug|Any CPU
		{5AC44007-A6E1-493A-B302-CEBCE2F23A25}.Debug|Any CPU.Build.0 = Debug|Any CPU
		{5AC44007-A6E1-493A-B302-CEBCE2F23A25}.Debug|x64.ActiveCfg = Debug|Any CPU
		{5AC44007-A6E1-493A-B302-CEBCE2F23A25}.Debug|x64.Build.0 = Debug|Any CPU
		{5AC44007-A6E1-493A-B302-CEBCE2F23A25}.Debug|x86.ActiveCfg = Debug|Any CPU
		{5AC44007-A6E1-493A-B302-CEBCE2F23A25}.Debug|x86.Build.0 = Debug|Any CPU
		{5AC44007-A6E1-493A-B302-CEBCE2F23A25}.Release|Any CPU.ActiveCfg = Release|Any CPU
		{5AC44007-A6E1-493A-B302-CEBCE2F23A25}.Release|Any CPU.Build.0 = Release|Any CPU
		{5AC44007-A6E1-493A-B302-CEBCE2F23A25}.Release|x64.ActiveCfg = Release|Any CPU
		{5AC44007-A6E1-493A-B302-CEBCE2F23A25}.Release|x64.Build.0 = Release|Any CPU
		{5AC44007-A6E1-493A-B302-CEBCE2F23A25}.Release|x86.ActiveCfg = Release|Any CPU
		{5AC44007-A6E1-493A-B302-CEBCE2F23A25}.Release|x86.Build.0 = Release|Any CPU
		{BE476BDB-5EB5-44F9-A0C1-484F188EABE5}.Debug|Any CPU.ActiveCfg = Debug|Any CPU
		{BE476BDB-5EB5-44F9-A0C1-484F188EABE5}.Debug|Any CPU.Build.0 = Debug|Any CPU
		{BE476BDB-5EB5-44F9-A0C1-484F188EABE5}.Debug|x64.ActiveCfg = Debug|Any CPU
		{BE476BDB-5EB5-44F9-A0C1-484F188EABE5}.Debug|x64.Build.0 = Debug|Any CPU
		{BE476BDB-5EB5-44F9-A0C1-484F188EABE5}.Debug|x86.ActiveCfg = Debug|Any CPU
		{BE476BDB-5EB5-44F9-A0C1-484F188EABE5}.Debug|x86.Build.0 = Debug|Any CPU
		{BE476BDB-5EB5-44F9-A0C1-484F188EABE5}.Release|Any CPU.ActiveCfg = Release|Any CPU
		{BE476BDB-5EB5-44F9-A0C1-484F188EABE5}.Release|Any CPU.Build.0 = Release|Any CPU
		{BE476BDB-5EB5-44F9-A0C1-484F188EABE5}.Release|x64.ActiveCfg = Release|Any CPU
		{BE476BDB-5EB5-44F9-A0C1-484F188EABE5}.Release|x64.Build.0 = Release|Any CPU
		{BE476BDB-5EB5-44F9-A0C1-484F188EABE5}.Release|x86.ActiveCfg = Release|Any CPU
		{BE476BDB-5EB5-44F9-A0C1-484F188EABE5}.Release|x86.Build.0 = Release|Any CPU
		{08A853BD-E551-4544-A226-EBC20918C344}.Debug|Any CPU.ActiveCfg = Debug|Any CPU
		{08A853BD-E551-4544-A226-EBC20918C344}.Debug|Any CPU.Build.0 = Debug|Any CPU
		{08A853BD-E551-4544-A226-EBC20918C344}.Debug|x64.ActiveCfg = Debug|Any CPU
		{08A853BD-E551-4544-A226-EBC20918C344}.Debug|x64.Build.0 = Debug|Any CPU
		{08A853BD-E551-4544-A226-EBC20918C344}.Debug|x86.ActiveCfg = Debug|Any CPU
		{08A853BD-E551-4544-A226-EBC20918C344}.Debug|x86.Build.0 = Debug|Any CPU
		{08A853BD-E551-4544-A226-EBC20918C344}.Release|Any CPU.ActiveCfg = Release|Any CPU
		{08A853BD-E551-4544-A226-EBC20918C344}.Release|Any CPU.Build.0 = Release|Any CPU
		{08A853BD-E551-4544-A226-EBC20918C344}.Release|x64.ActiveCfg = Release|Any CPU
		{08A853BD-E551-4544-A226-EBC20918C344}.Release|x64.Build.0 = Release|Any CPU
		{08A853BD-E551-4544-A226-EBC20918C344}.Release|x86.ActiveCfg = Release|Any CPU
		{08A853BD-E551-4544-A226-EBC20918C344}.Release|x86.Build.0 = Release|Any CPU
		{D94382C1-9B3C-4961-B3AE-C593277A38BB}.Debug|Any CPU.ActiveCfg = Debug|Any CPU
		{D94382C1-9B3C-4961-B3AE-C593277A38BB}.Debug|Any CPU.Build.0 = Debug|Any CPU
		{D94382C1-9B3C-4961-B3AE-C593277A38BB}.Debug|x64.ActiveCfg = Debug|Any CPU
		{D94382C1-9B3C-4961-B3AE-C593277A38BB}.Debug|x64.Build.0 = Debug|Any CPU
		{D94382C1-9B3C-4961-B3AE-C593277A38BB}.Debug|x86.ActiveCfg = Debug|Any CPU
		{D94382C1-9B3C-4961-B3AE-C593277A38BB}.Debug|x86.Build.0 = Debug|Any CPU
		{D94382C1-9B3C-4961-B3AE-C593277A38BB}.Release|Any CPU.ActiveCfg = Release|Any CPU
		{D94382C1-9B3C-4961-B3AE-C593277A38BB}.Release|Any CPU.Build.0 = Release|Any CPU
		{D94382C1-9B3C-4961-B3AE-C593277A38BB}.Release|x64.ActiveCfg = Release|Any CPU
		{D94382C1-9B3C-4961-B3AE-C593277A38BB}.Release|x64.Build.0 = Release|Any CPU
		{D94382C1-9B3C-4961-B3AE-C593277A38BB}.Release|x86.ActiveCfg = Release|Any CPU
		{D94382C1-9B3C-4961-B3AE-C593277A38BB}.Release|x86.Build.0 = Release|Any CPU
		{4ACA0161-1043-410A-9EB6-C43561436FCB}.Debug|Any CPU.ActiveCfg = Debug|Any CPU
		{4ACA0161-1043-410A-9EB6-C43561436FCB}.Debug|Any CPU.Build.0 = Debug|Any CPU
		{4ACA0161-1043-410A-9EB6-C43561436FCB}.Debug|x64.ActiveCfg = Debug|Any CPU
		{4ACA0161-1043-410A-9EB6-C43561436FCB}.Debug|x64.Build.0 = Debug|Any CPU
		{4ACA0161-1043-410A-9EB6-C43561436FCB}.Debug|x86.ActiveCfg = Debug|Any CPU
		{4ACA0161-1043-410A-9EB6-C43561436FCB}.Debug|x86.Build.0 = Debug|Any CPU
		{4ACA0161-1043-410A-9EB6-C43561436FCB}.Release|Any CPU.ActiveCfg = Release|Any CPU
		{4ACA0161-1043-410A-9EB6-C43561436FCB}.Release|Any CPU.Build.0 = Release|Any CPU
		{4ACA0161-1043-410A-9EB6-C43561436FCB}.Release|x64.ActiveCfg = Release|Any CPU
		{4ACA0161-1043-410A-9EB6-C43561436FCB}.Release|x64.Build.0 = Release|Any CPU
		{4ACA0161-1043-410A-9EB6-C43561436FCB}.Release|x86.ActiveCfg = Release|Any CPU
		{4ACA0161-1043-410A-9EB6-C43561436FCB}.Release|x86.Build.0 = Release|Any CPU
	EndGlobalSection
	GlobalSection(SolutionProperties) = preSolution
		HideSolutionNode = FALSE
	EndGlobalSection
EndGlobal
